
Microsoft Visual Studio Solution File, Format Version 12.00
# Visual Studio Version 17
VisualStudioVersion = 17.9.34714.143
MinimumVisualStudioVersion = 10.0.40219.1
Project("{2150E333-8FDC-42A3-9474-1A3956D46DE8}") = "services", "services", "{E419BE56-2A78-478F-90F3-C180CDDB09A9}"
EndProject
Project("{2150E333-8FDC-42A3-9474-1A3956D46DE8}") = "identity", "identity", "{08EDB50F-2381-486B-8976-109A0DA9FC05}"
EndProject
Project("{9A19103F-16F7-4668-BE54-9A1E7A4F7556}") = "IdentityService.Api", "src\services\identity\Api\IdentityService.Api.csproj", "{006C3688-9BAB-4D14-BD2A-6C3DCA6E4C05}"
EndProject
Project("{9A19103F-16F7-4668-BE54-9A1E7A4F7556}") = "IdentityService.Application", "src\services\identity\Application\IdentityService.Application.csproj", "{7FDB3F94-BACA-4011-8BA9-A16F24F07F66}"
EndProject
Project("{9A19103F-16F7-4668-BE54-9A1E7A4F7556}") = "IdentityService.Infrastructure", "src\services\identity\Infrastructure\IdentityService.Infrastructure.csproj", "{D3C766AC-0E89-4A8C-A6D6-4D2CBC8A588F}"
EndProject
Project("{2150E333-8FDC-42A3-9474-1A3956D46DE8}") = "framework", "framework", "{85CD1615-A566-416A-9A27-1429B278AF66}"
EndProject
Project("{9A19103F-16F7-4668-BE54-9A1E7A4F7556}") = "FastDelivery.Framework.Infrastructure", "src\framework\Infrastructure\FastDelivery.Framework.Infrastructure.csproj", "{E336F731-27CB-47C5-A623-5058375CE000}"
EndProject
Project("{9A19103F-16F7-4668-BE54-9A1E7A4F7556}") = "FastDelivery.Framework.Core", "src\framework\Core\FastDelivery.Framework.Core.csproj", "{74A9D6B3-AB5C-4898-A9BE-1D761E0B0D1A}"
EndProject
Project("{9A19103F-16F7-4668-BE54-9A1E7A4F7556}") = "IdentityService.Domain", "src\services\identity\Domain\IdentityService.Domain.csproj", "{5A3D37F3-FDC4-47B1-923D-AD801BC62542}"
EndProject
Project("{2150E333-8FDC-42A3-9474-1A3956D46DE8}") = "orders", "orders", "{B1134192-6AD7-4313-BC40-BBCD50E60164}"
EndProject
Project("{9A19103F-16F7-4668-BE54-9A1E7A4F7556}") = "OrderService.Api", "src\services\orders\Api\OrderService.Api.csproj", "{1B5DB2C7-98C0-49DC-8FE4-87913618A277}"
EndProject
Project("{9A19103F-16F7-4668-BE54-9A1E7A4F7556}") = "OrderService.Application", "src\services\orders\Application\OrderService.Application.csproj", "{235EBF7F-0B64-4D30-979C-EBB6C13AF239}"
EndProject
Project("{9A19103F-16F7-4668-BE54-9A1E7A4F7556}") = "OrderService.Infrastructure", "src\services\orders\Infrastructure\OrderService.Infrastructure.csproj", "{8488FD80-7204-4F43-B50C-6E28E8B4C532}"
EndProject
Project("{9A19103F-16F7-4668-BE54-9A1E7A4F7556}") = "OrderService.Domain", "src\services\orders\Domain\OrderService.Domain.csproj", "{8F803453-2285-4365-8515-193CE888FCD6}"
EndProject
Project("{E53339B2-1760-4266-BCC7-CA923CBCF16C}") = "docker-compose", "docker-compose.dcproj", "{FC8DBDA1-B62C-4239-8373-767CA8CFF62B}"
EndProject
Project("{9A19103F-16F7-4668-BE54-9A1E7A4F7556}") = "FastDelivery.Framework.Persistence.Mongo", "src\framework\Persistence.Mongo\FastDelivery.Framework.Persistence.Mongo.csproj", "{3A9EE8C1-1DF3-4FB9-9805-070021E9B9C3}"
EndProject
Project("{2150E333-8FDC-42A3-9474-1A3956D46DE8}") = "tracking", "tracking", "{B3A2CE19-BCC9-4AD3-BD9C-26644CCC9025}"
EndProject
Project("{9A19103F-16F7-4668-BE54-9A1E7A4F7556}") = "TrackingService.Api", "src\services\tracking\TrackingService.Api\TrackingService.Api.csproj", "{47A4BD2B-4E4E-48BE-A0F3-7DB238ADBB63}"
EndProject
Project("{9A19103F-16F7-4668-BE54-9A1E7A4F7556}") = "TrackingService.Domain", "src\services\tracking\TrackingService.Domain\TrackingService.Domain.csproj", "{0412B9DF-496E-426E-B9FB-640176B050DE}"
EndProject
Project("{9A19103F-16F7-4668-BE54-9A1E7A4F7556}") = "TrackingService.Application", "src\services\tracking\TrackingService.Application\TrackingService.Application.csproj", "{BF86CAF8-EA97-4CB7-894F-394566B58046}"
EndProject
Project("{9A19103F-16F7-4668-BE54-9A1E7A4F7556}") = "TrackingService.Infrastructure", "src\services\tracking\TrackingService.Infrastructure\TrackingService.Infrastructure.csproj", "{BD68F2CB-7A2C-4D16-B278-918E52D011B1}"
EndProject
Project("{2150E333-8FDC-42A3-9474-1A3956D46DE8}") = "buildingBlocks", "buildingBlocks", "{3008D420-3708-4288-B1F3-D9A8B95E0AEE}"
EndProject
Project("{2150E333-8FDC-42A3-9474-1A3956D46DE8}") = "EventBus", "EventBus", "{34E21742-0880-4224-89A3-D7184947ABDB}"
EndProject
Project("{9A19103F-16F7-4668-BE54-9A1E7A4F7556}") = "EventBus", "src\buildingBlocks\EventBus\EventBus.csproj", "{4078AA8C-7869-4A6F-8162-45CBD14C4A36}"
EndProject
Project("{2150E333-8FDC-42A3-9474-1A3956D46DE8}") = "Healthchecks", "Healthchecks", "{05D9E417-804F-4380-B33E-57E8EB75D571}"
EndProject
Project("{FAE04EC0-301F-11D3-BF4B-00C04F79EFBC}") = "Healthchecks", "src\buildingBlocks\Healthchecks\Healthchecks.csproj", "{6475AC53-B4CD-4C1A-8C83-772EEB48392C}"
EndProject
Project("{2150E333-8FDC-42A3-9474-1A3956D46DE8}") = "web", "web", "{1164F074-8008-4F1B-BD4C-EAC60FC8C1D1}"
EndProject
Project("{FAE04EC0-301F-11D3-BF4B-00C04F79EFBC}") = "WebStatus", "src\web\WebStatus\WebStatus.csproj", "{1DCC8D7C-A3A5-4A58-8940-F0638865FE4F}"
EndProject
Global
	GlobalSection(SolutionConfigurationPlatforms) = preSolution
		Debug|Any CPU = Debug|Any CPU
		Release|Any CPU = Release|Any CPU
	EndGlobalSection
	GlobalSection(ProjectConfigurationPlatforms) = postSolution
		{006C3688-9BAB-4D14-BD2A-6C3DCA6E4C05}.Debug|Any CPU.ActiveCfg = Debug|Any CPU
		{006C3688-9BAB-4D14-BD2A-6C3DCA6E4C05}.Debug|Any CPU.Build.0 = Debug|Any CPU
		{006C3688-9BAB-4D14-BD2A-6C3DCA6E4C05}.Release|Any CPU.ActiveCfg = Release|Any CPU
		{006C3688-9BAB-4D14-BD2A-6C3DCA6E4C05}.Release|Any CPU.Build.0 = Release|Any CPU
		{7FDB3F94-BACA-4011-8BA9-A16F24F07F66}.Debug|Any CPU.ActiveCfg = Debug|Any CPU
		{7FDB3F94-BACA-4011-8BA9-A16F24F07F66}.Debug|Any CPU.Build.0 = Debug|Any CPU
		{7FDB3F94-BACA-4011-8BA9-A16F24F07F66}.Release|Any CPU.ActiveCfg = Release|Any CPU
		{7FDB3F94-BACA-4011-8BA9-A16F24F07F66}.Release|Any CPU.Build.0 = Release|Any CPU
		{D3C766AC-0E89-4A8C-A6D6-4D2CBC8A588F}.Debug|Any CPU.ActiveCfg = Debug|Any CPU
		{D3C766AC-0E89-4A8C-A6D6-4D2CBC8A588F}.Debug|Any CPU.Build.0 = Debug|Any CPU
		{D3C766AC-0E89-4A8C-A6D6-4D2CBC8A588F}.Release|Any CPU.ActiveCfg = Release|Any CPU
		{D3C766AC-0E89-4A8C-A6D6-4D2CBC8A588F}.Release|Any CPU.Build.0 = Release|Any CPU
		{E336F731-27CB-47C5-A623-5058375CE000}.Debug|Any CPU.ActiveCfg = Debug|Any CPU
		{E336F731-27CB-47C5-A623-5058375CE000}.Debug|Any CPU.Build.0 = Debug|Any CPU
		{E336F731-27CB-47C5-A623-5058375CE000}.Release|Any CPU.ActiveCfg = Release|Any CPU
		{E336F731-27CB-47C5-A623-5058375CE000}.Release|Any CPU.Build.0 = Release|Any CPU
		{74A9D6B3-AB5C-4898-A9BE-1D761E0B0D1A}.Debug|Any CPU.ActiveCfg = Debug|Any CPU
		{74A9D6B3-AB5C-4898-A9BE-1D761E0B0D1A}.Debug|Any CPU.Build.0 = Debug|Any CPU
		{74A9D6B3-AB5C-4898-A9BE-1D761E0B0D1A}.Release|Any CPU.ActiveCfg = Release|Any CPU
		{74A9D6B3-AB5C-4898-A9BE-1D761E0B0D1A}.Release|Any CPU.Build.0 = Release|Any CPU
		{5A3D37F3-FDC4-47B1-923D-AD801BC62542}.Debug|Any CPU.ActiveCfg = Debug|Any CPU
		{5A3D37F3-FDC4-47B1-923D-AD801BC62542}.Debug|Any CPU.Build.0 = Debug|Any CPU
		{5A3D37F3-FDC4-47B1-923D-AD801BC62542}.Release|Any CPU.ActiveCfg = Release|Any CPU
		{5A3D37F3-FDC4-47B1-923D-AD801BC62542}.Release|Any CPU.Build.0 = Release|Any CPU
		{1B5DB2C7-98C0-49DC-8FE4-87913618A277}.Debug|Any CPU.ActiveCfg = Debug|Any CPU
		{1B5DB2C7-98C0-49DC-8FE4-87913618A277}.Debug|Any CPU.Build.0 = Debug|Any CPU
		{1B5DB2C7-98C0-49DC-8FE4-87913618A277}.Release|Any CPU.ActiveCfg = Release|Any CPU
		{1B5DB2C7-98C0-49DC-8FE4-87913618A277}.Release|Any CPU.Build.0 = Release|Any CPU
		{235EBF7F-0B64-4D30-979C-EBB6C13AF239}.Debug|Any CPU.ActiveCfg = Debug|Any CPU
		{235EBF7F-0B64-4D30-979C-EBB6C13AF239}.Debug|Any CPU.Build.0 = Debug|Any CPU
		{235EBF7F-0B64-4D30-979C-EBB6C13AF239}.Release|Any CPU.ActiveCfg = Release|Any CPU
		{235EBF7F-0B64-4D30-979C-EBB6C13AF239}.Release|Any CPU.Build.0 = Release|Any CPU
		{8488FD80-7204-4F43-B50C-6E28E8B4C532}.Debug|Any CPU.ActiveCfg = Debug|Any CPU
		{8488FD80-7204-4F43-B50C-6E28E8B4C532}.Debug|Any CPU.Build.0 = Debug|Any CPU
		{8488FD80-7204-4F43-B50C-6E28E8B4C532}.Release|Any CPU.ActiveCfg = Release|Any CPU
		{8488FD80-7204-4F43-B50C-6E28E8B4C532}.Release|Any CPU.Build.0 = Release|Any CPU
		{8F803453-2285-4365-8515-193CE888FCD6}.Debug|Any CPU.ActiveCfg = Debug|Any CPU
		{8F803453-2285-4365-8515-193CE888FCD6}.Debug|Any CPU.Build.0 = Debug|Any CPU
		{8F803453-2285-4365-8515-193CE888FCD6}.Release|Any CPU.ActiveCfg = Release|Any CPU
		{8F803453-2285-4365-8515-193CE888FCD6}.Release|Any CPU.Build.0 = Release|Any CPU
		{FC8DBDA1-B62C-4239-8373-767CA8CFF62B}.Debug|Any CPU.ActiveCfg = Debug|Any CPU
		{FC8DBDA1-B62C-4239-8373-767CA8CFF62B}.Debug|Any CPU.Build.0 = Debug|Any CPU
		{FC8DBDA1-B62C-4239-8373-767CA8CFF62B}.Release|Any CPU.ActiveCfg = Release|Any CPU
		{FC8DBDA1-B62C-4239-8373-767CA8CFF62B}.Release|Any CPU.Build.0 = Release|Any CPU
		{3A9EE8C1-1DF3-4FB9-9805-070021E9B9C3}.Debug|Any CPU.ActiveCfg = Debug|Any CPU
		{3A9EE8C1-1DF3-4FB9-9805-070021E9B9C3}.Debug|Any CPU.Build.0 = Debug|Any CPU
		{3A9EE8C1-1DF3-4FB9-9805-070021E9B9C3}.Release|Any CPU.ActiveCfg = Release|Any CPU
		{3A9EE8C1-1DF3-4FB9-9805-070021E9B9C3}.Release|Any CPU.Build.0 = Release|Any CPU
		{47A4BD2B-4E4E-48BE-A0F3-7DB238ADBB63}.Debug|Any CPU.ActiveCfg = Debug|Any CPU
		{47A4BD2B-4E4E-48BE-A0F3-7DB238ADBB63}.Debug|Any CPU.Build.0 = Debug|Any CPU
		{47A4BD2B-4E4E-48BE-A0F3-7DB238ADBB63}.Release|Any CPU.ActiveCfg = Release|Any CPU
		{47A4BD2B-4E4E-48BE-A0F3-7DB238ADBB63}.Release|Any CPU.Build.0 = Release|Any CPU
		{0412B9DF-496E-426E-B9FB-640176B050DE}.Debug|Any CPU.ActiveCfg = Debug|Any CPU
		{0412B9DF-496E-426E-B9FB-640176B050DE}.Debug|Any CPU.Build.0 = Debug|Any CPU
		{0412B9DF-496E-426E-B9FB-640176B050DE}.Release|Any CPU.ActiveCfg = Release|Any CPU
		{0412B9DF-496E-426E-B9FB-640176B050DE}.Release|Any CPU.Build.0 = Release|Any CPU
		{BF86CAF8-EA97-4CB7-894F-394566B58046}.Debug|Any CPU.ActiveCfg = Debug|Any CPU
		{BF86CAF8-EA97-4CB7-894F-394566B58046}.Debug|Any CPU.Build.0 = Debug|Any CPU
		{BF86CAF8-EA97-4CB7-894F-394566B58046}.Release|Any CPU.ActiveCfg = Release|Any CPU
		{BF86CAF8-EA97-4CB7-894F-394566B58046}.Release|Any CPU.Build.0 = Release|Any CPU
		{BD68F2CB-7A2C-4D16-B278-918E52D011B1}.Debug|Any CPU.ActiveCfg = Debug|Any CPU
		{BD68F2CB-7A2C-4D16-B278-918E52D011B1}.Debug|Any CPU.Build.0 = Debug|Any CPU
		{BD68F2CB-7A2C-4D16-B278-918E52D011B1}.Release|Any CPU.ActiveCfg = Release|Any CPU
		{BD68F2CB-7A2C-4D16-B278-918E52D011B1}.Release|Any CPU.Build.0 = Release|Any CPU
		{4078AA8C-7869-4A6F-8162-45CBD14C4A36}.Debug|Any CPU.ActiveCfg = Debug|Any CPU
		{4078AA8C-7869-4A6F-8162-45CBD14C4A36}.Debug|Any CPU.Build.0 = Debug|Any CPU
		{4078AA8C-7869-4A6F-8162-45CBD14C4A36}.Release|Any CPU.ActiveCfg = Release|Any CPU
		{4078AA8C-7869-4A6F-8162-45CBD14C4A36}.Release|Any CPU.Build.0 = Release|Any CPU
		{6475AC53-B4CD-4C1A-8C83-772EEB48392C}.Debug|Any CPU.ActiveCfg = Debug|Any CPU
		{6475AC53-B4CD-4C1A-8C83-772EEB48392C}.Debug|Any CPU.Build.0 = Debug|Any CPU
		{6475AC53-B4CD-4C1A-8C83-772EEB48392C}.Release|Any CPU.ActiveCfg = Release|Any CPU
		{6475AC53-B4CD-4C1A-8C83-772EEB48392C}.Release|Any CPU.Build.0 = Release|Any CPU
		{1DCC8D7C-A3A5-4A58-8940-F0638865FE4F}.Debug|Any CPU.ActiveCfg = Debug|Any CPU
		{1DCC8D7C-A3A5-4A58-8940-F0638865FE4F}.Debug|Any CPU.Build.0 = Debug|Any CPU
		{1DCC8D7C-A3A5-4A58-8940-F0638865FE4F}.Release|Any CPU.ActiveCfg = Release|Any CPU
		{1DCC8D7C-A3A5-4A58-8940-F0638865FE4F}.Release|Any CPU.Build.0 = Release|Any CPU
	EndGlobalSection
	GlobalSection(SolutionProperties) = preSolution
		HideSolutionNode = FALSE
	EndGlobalSection
	GlobalSection(NestedProjects) = preSolution
		{08EDB50F-2381-486B-8976-109A0DA9FC05} = {E419BE56-2A78-478F-90F3-C180CDDB09A9}
		{006C3688-9BAB-4D14-BD2A-6C3DCA6E4C05} = {08EDB50F-2381-486B-8976-109A0DA9FC05}
		{7FDB3F94-BACA-4011-8BA9-A16F24F07F66} = {08EDB50F-2381-486B-8976-109A0DA9FC05}
		{D3C766AC-0E89-4A8C-A6D6-4D2CBC8A588F} = {08EDB50F-2381-486B-8976-109A0DA9FC05}
		{E336F731-27CB-47C5-A623-5058375CE000} = {85CD1615-A566-416A-9A27-1429B278AF66}
		{74A9D6B3-AB5C-4898-A9BE-1D761E0B0D1A} = {85CD1615-A566-416A-9A27-1429B278AF66}
		{5A3D37F3-FDC4-47B1-923D-AD801BC62542} = {08EDB50F-2381-486B-8976-109A0DA9FC05}
		{B1134192-6AD7-4313-BC40-BBCD50E60164} = {E419BE56-2A78-478F-90F3-C180CDDB09A9}
		{1B5DB2C7-98C0-49DC-8FE4-87913618A277} = {B1134192-6AD7-4313-BC40-BBCD50E60164}
		{235EBF7F-0B64-4D30-979C-EBB6C13AF239} = {B1134192-6AD7-4313-BC40-BBCD50E60164}
		{8488FD80-7204-4F43-B50C-6E28E8B4C532} = {B1134192-6AD7-4313-BC40-BBCD50E60164}
		{8F803453-2285-4365-8515-193CE888FCD6} = {B1134192-6AD7-4313-BC40-BBCD50E60164}
		{3A9EE8C1-1DF3-4FB9-9805-070021E9B9C3} = {85CD1615-A566-416A-9A27-1429B278AF66}
		{B3A2CE19-BCC9-4AD3-BD9C-26644CCC9025} = {E419BE56-2A78-478F-90F3-C180CDDB09A9}
		{47A4BD2B-4E4E-48BE-A0F3-7DB238ADBB63} = {B3A2CE19-BCC9-4AD3-BD9C-26644CCC9025}
		{0412B9DF-496E-426E-B9FB-640176B050DE} = {B3A2CE19-BCC9-4AD3-BD9C-26644CCC9025}
		{BF86CAF8-EA97-4CB7-894F-394566B58046} = {B3A2CE19-BCC9-4AD3-BD9C-26644CCC9025}
		{BD68F2CB-7A2C-4D16-B278-918E52D011B1} = {B3A2CE19-BCC9-4AD3-BD9C-26644CCC9025}
		{34E21742-0880-4224-89A3-D7184947ABDB} = {3008D420-3708-4288-B1F3-D9A8B95E0AEE}
		{4078AA8C-7869-4A6F-8162-45CBD14C4A36} = {34E21742-0880-4224-89A3-D7184947ABDB}
		{05D9E417-804F-4380-B33E-57E8EB75D571} = {3008D420-3708-4288-B1F3-D9A8B95E0AEE}
		{6475AC53-B4CD-4C1A-8C83-772EEB48392C} = {05D9E417-804F-4380-B33E-57E8EB75D571}
		{1DCC8D7C-A3A5-4A58-8940-F0638865FE4F} = {1164F074-8008-4F1B-BD4C-EAC60FC8C1D1}
	EndGlobalSection
	GlobalSection(ExtensibilityGlobals) = postSolution
		SolutionGuid = {A0E20962-F6EB-458C-95BA-79ADF5392F1F}
	EndGlobalSection
EndGlobal
